
Microsoft Visual Studio Solution File, Format Version 12.00
# Visual Studio 15
VisualStudioVersion = 15.0.28010.2016
MinimumVisualStudioVersion = 10.0.40219.1
Project("{FAE04EC0-301F-11D3-BF4B-00C04F79EFBC}") = "JenkinsHelloWorldApp", "JenkinsHelloWorldApp\JenkinsHelloWorldApp.csproj", "{EBF1E0C0-4F8B-468D-B5DE-CFA30707660B}"
EndProject
Global
	GlobalSection(SolutionConfigurationPlatforms) = preSolution
		Debug|Any CPU = Debug|Any CPU
		Production|Any CPU = Production|Any CPU
		Release|Any CPU = Release|Any CPU
	EndGlobalSection
	GlobalSection(ProjectConfigurationPlatforms) = postSolution
		{EBF1E0C0-4F8B-468D-B5DE-CFA30707660B}.Debug|Any CPU.ActiveCfg = Debug|Any CPU
		{EBF1E0C0-4F8B-468D-B5DE-CFA30707660B}.Debug|Any CPU.Build.0 = Debug|Any CPU
		{EBF1E0C0-4F8B-468D-B5DE-CFA30707660B}.Production|Any CPU.ActiveCfg = Production|Any CPU
		{EBF1E0C0-4F8B-468D-B5DE-CFA30707660B}.Production|Any CPU.Build.0 = Production|Any CPU
		{EBF1E0C0-4F8B-468D-B5DE-CFA30707660B}.Release|Any CPU.ActiveCfg = Release|Any CPU
		{EBF1E0C0-4F8B-468D-B5DE-CFA30707660B}.Release|Any CPU.Build.0 = Release|Any CPU
	EndGlobalSection
	GlobalSection(SolutionProperties) = preSolution
		HideSolutionNode = FALSE
	EndGlobalSection
	GlobalSection(ExtensibilityGlobals) = postSolution
		SolutionGuid = {4F04B029-40A7-4C4E-BFFE-B3B49587DB10}
	EndGlobalSection
EndGlobal
